
Microsoft Visual Studio Solution File, Format Version 12.00
# Visual Studio Version 17
VisualStudioVersion = 17.10.35004.147
MinimumVisualStudioVersion = 10.0.40219.1
Project("{FAE04EC0-301F-11D3-BF4B-00C04F79EFBC}") = "OrderAPI", "OrderAPI.csproj", "{51DD6ECD-E78A-445D-98EC-8CA2AF91AAEE}"
EndProject
Global
	GlobalSection(SolutionConfigurationPlatforms) = preSolution
		Debug|Any CPU = Debug|Any CPU
		Release|Any CPU = Release|Any CPU
	EndGlobalSection
	GlobalSection(ProjectConfigurationPlatforms) = postSolution
		{51DD6ECD-E78A-445D-98EC-8CA2AF91AAEE}.Debug|Any CPU.ActiveCfg = Debug|Any CPU
		{51DD6ECD-E78A-445D-98EC-8CA2AF91AAEE}.Debug|Any CPU.Build.0 = Debug|Any CPU
		{51DD6ECD-E78A-445D-98EC-8CA2AF91AAEE}.Release|Any CPU.ActiveCfg = Release|Any CPU
		{51DD6ECD-E78A-445D-98EC-8CA2AF91AAEE}.Release|Any CPU.Build.0 = Release|Any CPU
	EndGlobalSection
	GlobalSection(SolutionProperties) = preSolution
		HideSolutionNode = FALSE
	EndGlobalSection
	GlobalSection(ExtensibilityGlobals) = postSolution
		SolutionGuid = {92C147CE-5C66-4CEE-8568-0EB2D647A276}
	EndGlobalSection
EndGlobal
